// !$*UTF8*$!
{
	archiveVersion = 1;
	classes = {
	};
	objectVersion = 51;
	objects = {

/* Begin PBXBuildFile section */
		79131AC7DABF40DB95C41F0B /* Pods_hack_a_project.framework in Frameworks */ = {isa = PBXBuildFile; fileRef = F0886B018F7BB96040A72C11 /* Pods_hack_a_project.framework */; };
		7CE351FD240A7FDE00A26FCF /* AppDelegate.swift in Sources */ = {isa = PBXBuildFile; fileRef = 7CE351FC240A7FDE00A26FCF /* AppDelegate.swift */; };
		7CE351FF240A7FDE00A26FCF /* SceneDelegate.swift in Sources */ = {isa = PBXBuildFile; fileRef = 7CE351FE240A7FDE00A26FCF /* SceneDelegate.swift */; };
		7CE35201240A7FDE00A26FCF /* ViewController.swift in Sources */ = {isa = PBXBuildFile; fileRef = 7CE35200240A7FDE00A26FCF /* ViewController.swift */; };
		7CE35204240A7FDE00A26FCF /* Main.storyboard in Resources */ = {isa = PBXBuildFile; fileRef = 7CE35202240A7FDE00A26FCF /* Main.storyboard */; };
		7CE35206240A7FE300A26FCF /* Assets.xcassets in Resources */ = {isa = PBXBuildFile; fileRef = 7CE35205240A7FE300A26FCF /* Assets.xcassets */; };
		7CE35209240A7FE300A26FCF /* LaunchScreen.storyboard in Resources */ = {isa = PBXBuildFile; fileRef = 7CE35207240A7FE300A26FCF /* LaunchScreen.storyboard */; };
		82476878240AA4E4006320D3 /* GoogleService-Info.plist in Resources */ = {isa = PBXBuildFile; fileRef = 82476877240AA4E4006320D3 /* GoogleService-Info.plist */; };
/* End PBXBuildFile section */

/* Begin PBXFileReference section */
		710547399A5E3CC2AEE9DF07 /* Pods-hack_a_project.release.xcconfig */ = {isa = PBXFileReference; includeInIndex = 1; lastKnownFileType = text.xcconfig; name = "Pods-hack_a_project.release.xcconfig"; path = "Pods/Target Support Files/Pods-hack_a_project/Pods-hack_a_project.release.xcconfig"; sourceTree = "<group>"; };
		7CE351F9240A7FDE00A26FCF /* hack_a_project.app */ = {isa = PBXFileReference; explicitFileType = wrapper.application; includeInIndex = 0; path = hack_a_project.app; sourceTree = BUILT_PRODUCTS_DIR; };
		7CE351FC240A7FDE00A26FCF /* AppDelegate.swift */ = {isa = PBXFileReference; lastKnownFileType = sourcecode.swift; path = AppDelegate.swift; sourceTree = "<group>"; };
		7CE351FE240A7FDE00A26FCF /* SceneDelegate.swift */ = {isa = PBXFileReference; lastKnownFileType = sourcecode.swift; path = SceneDelegate.swift; sourceTree = "<group>"; };
		7CE35200240A7FDE00A26FCF /* ViewController.swift */ = {isa = PBXFileReference; lastKnownFileType = sourcecode.swift; path = ViewController.swift; sourceTree = "<group>"; };
		7CE35203240A7FDE00A26FCF /* Base */ = {isa = PBXFileReference; lastKnownFileType = file.storyboard; name = Base; path = Base.lproj/Main.storyboard; sourceTree = "<group>"; };
		7CE35205240A7FE300A26FCF /* Assets.xcassets */ = {isa = PBXFileReference; lastKnownFileType = folder.assetcatalog; path = Assets.xcassets; sourceTree = "<group>"; };
		7CE35208240A7FE300A26FCF /* Base */ = {isa = PBXFileReference; lastKnownFileType = file.storyboard; name = Base; path = Base.lproj/LaunchScreen.storyboard; sourceTree = "<group>"; };
		7CE3520A240A7FE300A26FCF /* Info.plist */ = {isa = PBXFileReference; lastKnownFileType = text.plist.xml; path = Info.plist; sourceTree = "<group>"; };
		82476877240AA4E4006320D3 /* GoogleService-Info.plist */ = {isa = PBXFileReference; fileEncoding = 4; lastKnownFileType = text.plist.xml; path = "GoogleService-Info.plist"; sourceTree = "<group>"; };
		EC03BA47357FCB44C6C7EDFB /* Pods-hack_a_project.debug.xcconfig */ = {isa = PBXFileReference; includeInIndex = 1; lastKnownFileType = text.xcconfig; name = "Pods-hack_a_project.debug.xcconfig"; path = "Pods/Target Support Files/Pods-hack_a_project/Pods-hack_a_project.debug.xcconfig"; sourceTree = "<group>"; };
		F0886B018F7BB96040A72C11 /* Pods_hack_a_project.framework */ = {isa = PBXFileReference; explicitFileType = wrapper.framework; includeInIndex = 0; path = Pods_hack_a_project.framework; sourceTree = BUILT_PRODUCTS_DIR; };
/* End PBXFileReference section */

/* Begin PBXFrameworksBuildPhase section */
		7CE351F6240A7FDE00A26FCF /* Frameworks */ = {
			isa = PBXFrameworksBuildPhase;
			buildActionMask = 2147483647;
			files = (
				79131AC7DABF40DB95C41F0B /* Pods_hack_a_project.framework in Frameworks */,
			);
			runOnlyForDeploymentPostprocessing = 0;
		};
/* End PBXFrameworksBuildPhase section */

/* Begin PBXGroup section */
		7CE351F0240A7FDE00A26FCF = {
			isa = PBXGroup;
			children = (
				7CE351FB240A7FDE00A26FCF /* hack_a_project */,
				7CE351FA240A7FDE00A26FCF /* Products */,
				D5D787DA36A8863A56313373 /* Pods */,
				8DC9604496ACB2E9BA348525 /* Frameworks */,
			);
			sourceTree = "<group>";
		};
		7CE351FA240A7FDE00A26FCF /* Products */ = {
			isa = PBXGroup;
			children = (
				7CE351F9240A7FDE00A26FCF /* hack_a_project.app */,
			);
			name = Products;
			sourceTree = "<group>";
		};
		7CE351FB240A7FDE00A26FCF /* hack_a_project */ = {
			isa = PBXGroup;
			children = (
				7CE351FC240A7FDE00A26FCF /* AppDelegate.swift */,
				7CE351FE240A7FDE00A26FCF /* SceneDelegate.swift */,
				7CE35200240A7FDE00A26FCF /* ViewController.swift */,
				7CE35202240A7FDE00A26FCF /* Main.storyboard */,
				7CE35205240A7FE300A26FCF /* Assets.xcassets */,
				7CE35207240A7FE300A26FCF /* LaunchScreen.storyboard */,
				7CE3520A240A7FE300A26FCF /* Info.plist */,
				82476877240AA4E4006320D3 /* GoogleService-Info.plist */,
			);
			path = hack_a_project;
			sourceTree = "<group>";
		};
		8DC9604496ACB2E9BA348525 /* Frameworks */ = {
			isa = PBXGroup;
			children = (
				F0886B018F7BB96040A72C11 /* Pods_hack_a_project.framework */,
			);
			name = Frameworks;
			sourceTree = "<group>";
		};
		D5D787DA36A8863A56313373 /* Pods */ = {
			isa = PBXGroup;
			children = (
				EC03BA47357FCB44C6C7EDFB /* Pods-hack_a_project.debug.xcconfig */,
				710547399A5E3CC2AEE9DF07 /* Pods-hack_a_project.release.xcconfig */,
			);
			name = Pods;
			sourceTree = "<group>";
		};
/* End PBXGroup section */

/* Begin PBXNativeTarget section */
		7CE351F8240A7FDE00A26FCF /* hack_a_project */ = {
			isa = PBXNativeTarget;
			buildConfigurationList = 7CE3520D240A7FE300A26FCF /* Build configuration list for PBXNativeTarget "hack_a_project" */;
			buildPhases = (
				938225CF7575A224F4148070 /* [CP] Check Pods Manifest.lock */,
				7CE351F5240A7FDE00A26FCF /* Sources */,
				7CE351F6240A7FDE00A26FCF /* Frameworks */,
				7CE351F7240A7FDE00A26FCF /* Resources */,
				561A836CA44F7C5A0D88F903 /* [CP] Embed Pods Frameworks */,
			);
			buildRules = (
			);
			dependencies = (
			);
			name = hack_a_project;
			productName = hack_a_project;
			productReference = 7CE351F9240A7FDE00A26FCF /* hack_a_project.app */;
			productType = "com.apple.product-type.application";
		};
/* End PBXNativeTarget section */

/* Begin PBXProject section */
		7CE351F1240A7FDE00A26FCF /* Project object */ = {
			isa = PBXProject;
			attributes = {
				LastSwiftUpdateCheck = 1130;
				LastUpgradeCheck = 1130;
				ORGANIZATIONNAME = "Clara Lebbos";
				TargetAttributes = {
					7CE351F8240A7FDE00A26FCF = {
						CreatedOnToolsVersion = 11.3.1;
					};
				};
			};
			buildConfigurationList = 7CE351F4240A7FDE00A26FCF /* Build configuration list for PBXProject "hack_a_project" */;
			compatibilityVersion = "Xcode 9.3";
			developmentRegion = en;
			hasScannedForEncodings = 0;
			knownRegions = (
				en,
				Base,
			);
			mainGroup = 7CE351F0240A7FDE00A26FCF;
			productRefGroup = 7CE351FA240A7FDE00A26FCF /* Products */;
			projectDirPath = "";
			projectRoot = "";
			targets = (
				7CE351F8240A7FDE00A26FCF /* hack_a_project */,
			);
		};
/* End PBXProject section */

/* Begin PBXResourcesBuildPhase section */
		7CE351F7240A7FDE00A26FCF /* Resources */ = {
			isa = PBXResourcesBuildPhase;
			buildActionMask = 2147483647;
			files = (
				7CE35209240A7FE300A26FCF /* LaunchScreen.storyboard in Resources */,
				82476878240AA4E4006320D3 /* GoogleService-Info.plist in Resources */,
				7CE35206240A7FE300A26FCF /* Assets.xcassets in Resources */,
				7CE35204240A7FDE00A26FCF /* Main.storyboard in Resources */,
			);
			runOnlyForDeploymentPostprocessing = 0;
		};
/* End PBXResourcesBuildPhase section */

/* Begin PBXShellScriptBuildPhase section */
		561A836CA44F7C5A0D88F903 /* [CP] Embed Pods Frameworks */ = {
			isa = PBXShellScriptBuildPhase;
			buildActionMask = 2147483647;
			files = (
			);
			inputFileListPaths = (
				"${PODS_ROOT}/Target Support Files/Pods-hack_a_project/Pods-hack_a_project-frameworks-${CONFIGURATION}-input-files.xcfilelist",
			);
			name = "[CP] Embed Pods Frameworks";
			outputFileListPaths = (
				"${PODS_ROOT}/Target Support Files/Pods-hack_a_project/Pods-hack_a_project-frameworks-${CONFIGURATION}-output-files.xcfilelist",
			);
			runOnlyForDeploymentPostprocessing = 0;
			shellPath = /bin/sh;
			shellScript = "\"${PODS_ROOT}/Target Support Files/Pods-hack_a_project/Pods-hack_a_project-frameworks.sh\"\n";
			showEnvVarsInLog = 0;
		};
		938225CF7575A224F4148070 /* [CP] Check Pods Manifest.lock */ = {
			isa = PBXShellScriptBuildPhase;
			buildActionMask = 2147483647;
			files = (
			);
			inputPaths = (
				"${PODS_PODFILE_DIR_PATH}/Podfile.lock",
				"${PODS_ROOT}/Manifest.lock",
			);
			name = "[CP] Check Pods Manifest.lock";
			outputPaths = (
				"$(DERIVED_FILE_DIR)/Pods-hack_a_project-checkManifestLockResult.txt",
			);
			runOnlyForDeploymentPostprocessing = 0;
			shellPath = /bin/sh;
			shellScript = "diff \"${PODS_PODFILE_DIR_PATH}/Podfile.lock\" \"${PODS_ROOT}/Manifest.lock\" > /dev/null\nif [ $? != 0 ] ; then\n    # print error to STDERR\n    echo \"error: The sandbox is not in sync with the Podfile.lock. Run 'pod install' or update your CocoaPods installation.\" >&2\n    exit 1\nfi\n# This output is used by Xcode 'outputs' to avoid re-running this script phase.\necho \"SUCCESS\" > \"${SCRIPT_OUTPUT_FILE_0}\"\n";
			showEnvVarsInLog = 0;
		};
/* End PBXShellScriptBuildPhase section */

/* Begin PBXSourcesBuildPhase section */
		7CE351F5240A7FDE00A26FCF /* Sources */ = {
			isa = PBXSourcesBuildPhase;
			buildActionMask = 2147483647;
			files = (
				7CE35201240A7FDE00A26FCF /* ViewController.swift in Sources */,
				7CE351FD240A7FDE00A26FCF /* AppDelegate.swift in Sources */,
				7CE351FF240A7FDE00A26FCF /* SceneDelegate.swift in Sources */,
			);
			runOnlyForDeploymentPostprocessing = 0;
		};
/* End PBXSourcesBuildPhase section */

/* Begin PBXVariantGroup section */
		7CE35202240A7FDE00A26FCF /* Main.storyboard */ = {
			isa = PBXVariantGroup;
			children = (
				7CE35203240A7FDE00A26FCF /* Base */,
			);
			name = Main.storyboard;
			sourceTree = "<group>";
		};
		7CE35207240A7FE300A26FCF /* LaunchScreen.storyboard */ = {
			isa = PBXVariantGroup;
			children = (
				7CE35208240A7FE300A26FCF /* Base */,
			);
			name = LaunchScreen.storyboard;
			sourceTree = "<group>";
		};
/* End PBXVariantGroup section */

/* Begin XCBuildConfiguration section */
		7CE3520B240A7FE300A26FCF /* Debug */ = {
			isa = XCBuildConfiguration;
			buildSettings = {
				ALWAYS_SEARCH_USER_PATHS = NO;
				CLANG_ANALYZER_NONNULL = YES;
				CLANG_ANALYZER_NUMBER_OBJECT_CONVERSION = YES_AGGRESSIVE;
				CLANG_CXX_LANGUAGE_STANDARD = "gnu++14";
				CLANG_CXX_LIBRARY = "libc++";
				CLANG_ENABLE_MODULES = YES;
				CLANG_ENABLE_OBJC_ARC = YES;
				CLANG_ENABLE_OBJC_WEAK = YES;
				CLANG_WARN_BLOCK_CAPTURE_AUTORELEASING = YES;
				CLANG_WARN_BOOL_CONVERSION = YES;
				CLANG_WARN_COMMA = YES;
				CLANG_WARN_CONSTANT_CONVERSION = YES;
				CLANG_WARN_DEPRECATED_OBJC_IMPLEMENTATIONS = YES;
				CLANG_WARN_DIRECT_OBJC_ISA_USAGE = YES_ERROR;
				CLANG_WARN_DOCUMENTATION_COMMENTS = YES;
				CLANG_WARN_EMPTY_BODY = YES;
				CLANG_WARN_ENUM_CONVERSION = YES;
				CLANG_WARN_INFINITE_RECURSION = YES;
				CLANG_WARN_INT_CONVERSION = YES;
				CLANG_WARN_NON_LITERAL_NULL_CONVERSION = YES;
				CLANG_WARN_OBJC_IMPLICIT_RETAIN_SELF = YES;
				CLANG_WARN_OBJC_LITERAL_CONVERSION = YES;
				CLANG_WARN_OBJC_ROOT_CLASS = YES_ERROR;
				CLANG_WARN_RANGE_LOOP_ANALYSIS = YES;
				CLANG_WARN_STRICT_PROTOTYPES = YES;
				CLANG_WARN_SUSPICIOUS_MOVE = YES;
				CLANG_WARN_UNGUARDED_AVAILABILITY = YES_AGGRESSIVE;
				CLANG_WARN_UNREACHABLE_CODE = YES;
				CLANG_WARN__DUPLICATE_METHOD_MATCH = YES;
				COPY_PHASE_STRIP = NO;
				DEBUG_INFORMATION_FORMAT = dwarf;
				ENABLE_STRICT_OBJC_MSGSEND = YES;
				ENABLE_TESTABILITY = YES;
				GCC_C_LANGUAGE_STANDARD = gnu11;
				GCC_DYNAMIC_NO_PIC = NO;
				GCC_NO_COMMON_BLOCKS = YES;
				GCC_OPTIMIZATION_LEVEL = 0;
				GCC_PREPROCESSOR_DEFINITIONS = (
					"DEBUG=1",
					"$(inherited)",
				);
				GCC_WARN_64_TO_32_BIT_CONVERSION = YES;
				GCC_WARN_ABOUT_RETURN_TYPE = YES_ERROR;
				GCC_WARN_UNDECLARED_SELECTOR = YES;
				GCC_WARN_UNINITIALIZED_AUTOS = YES_AGGRESSIVE;
				GCC_WARN_UNUSED_FUNCTION = YES;
				GCC_WARN_UNUSED_VARIABLE = YES;
				IPHONEOS_DEPLOYMENT_TARGET = 13.2;
				MTL_ENABLE_DEBUG_INFO = INCLUDE_SOURCE;
				MTL_FAST_MATH = YES;
				ONLY_ACTIVE_ARCH = YES;
				SDKROOT = iphoneos;
				SWIFT_ACTIVE_COMPILATION_CONDITIONS = DEBUG;
				SWIFT_OPTIMIZATION_LEVEL = "-Onone";
			};
			name = Debug;
		};
		7CE3520C240A7FE300A26FCF /* Release */ = {
			isa = XCBuildConfiguration;
			buildSettings = {
				ALWAYS_SEARCH_USER_PATHS = NO;
				CLANG_ANALYZER_NONNULL = YES;
				CLANG_ANALYZER_NUMBER_OBJECT_CONVERSION = YES_AGGRESSIVE;
				CLANG_CXX_LANGUAGE_STANDARD = "gnu++14";
				CLANG_CXX_LIBRARY = "libc++";
				CLANG_ENABLE_MODULES = YES;
				CLANG_ENABLE_OBJC_ARC = YES;
				CLANG_ENABLE_OBJC_WEAK = YES;
				CLANG_WARN_BLOCK_CAPTURE_AUTORELEASING = YES;
				CLANG_WARN_BOOL_CONVERSION = YES;
				CLANG_WARN_COMMA = YES;
				CLANG_WARN_CONSTANT_CONVERSION = YES;
				CLANG_WARN_DEPRECATED_OBJC_IMPLEMENTATIONS = YES;
				CLANG_WARN_DIRECT_OBJC_ISA_USAGE = YES_ERROR;
				CLANG_WARN_DOCUMENTATION_COMMENTS = YES;
				CLANG_WARN_EMPTY_BODY = YES;
				CLANG_WARN_ENUM_CONVERSION = YES;
				CLANG_WARN_INFINITE_RECURSION = YES;
				CLANG_WARN_INT_CONVERSION = YES;
				CLANG_WARN_NON_LITERAL_NULL_CONVERSION = YES;
				CLANG_WARN_OBJC_IMPLICIT_RETAIN_SELF = YES;
				CLANG_WARN_OBJC_LITERAL_CONVERSION = YES;
				CLANG_WARN_OBJC_ROOT_CLASS = YES_ERROR;
				CLANG_WARN_RANGE_LOOP_ANALYSIS = YES;
				CLANG_WARN_STRICT_PROTOTYPES = YES;
				CLANG_WARN_SUSPICIOUS_MOVE = YES;
				CLANG_WARN_UNGUARDED_AVAILABILITY = YES_AGGRESSIVE;
				CLANG_WARN_UNREACHABLE_CODE = YES;
				CLANG_WARN__DUPLICATE_METHOD_MATCH = YES;
				COPY_PHASE_STRIP = NO;
				DEBUG_INFORMATION_FORMAT = "dwarf-with-dsym";
				ENABLE_NS_ASSERTIONS = NO;
				ENABLE_STRICT_OBJC_MSGSEND = YES;
				GCC_C_LANGUAGE_STANDARD = gnu11;
				GCC_NO_COMMON_BLOCKS = YES;
				GCC_WARN_64_TO_32_BIT_CONVERSION = YES;
				GCC_WARN_ABOUT_RETURN_TYPE = YES_ERROR;
				GCC_WARN_UNDECLARED_SELECTOR = YES;
				GCC_WARN_UNINITIALIZED_AUTOS = YES_AGGRESSIVE;
				GCC_WARN_UNUSED_FUNCTION = YES;
				GCC_WARN_UNUSED_VARIABLE = YES;
				IPHONEOS_DEPLOYMENT_TARGET = 13.2;
				MTL_ENABLE_DEBUG_INFO = NO;
				MTL_FAST_MATH = YES;
				SDKROOT = iphoneos;
				SWIFT_COMPILATION_MODE = wholemodule;
				SWIFT_OPTIMIZATION_LEVEL = "-O";
				VALIDATE_PRODUCT = YES;
			};
			name = Release;
		};
		7CE3520E240A7FE300A26FCF /* Debug */ = {
			isa = XCBuildConfiguration;
			baseConfigurationReference = EC03BA47357FCB44C6C7EDFB /* Pods-hack_a_project.debug.xcconfig */;
			buildSettings = {
				ASSETCATALOG_COMPILER_APPICON_NAME = AppIcon;
				CODE_SIGN_STYLE = Automatic;
				DEVELOPMENT_TEAM = 73BSTB3BMU;
				INFOPLIST_FILE = hack_a_project/Info.plist;
				LD_RUNPATH_SEARCH_PATHS = (
					"$(inherited)",
					"@executable_path/Frameworks",
				);
				PRODUCT_BUNDLE_IDENTIFIER = com.claralebbos.hackAProject;
				PRODUCT_NAME = "$(TARGET_NAME)";
				SWIFT_VERSION = 5.0;
				TARGETED_DEVICE_FAMILY = "1,2";
			};
			name = Debug;
		};
		7CE3520F240A7FE300A26FCF /* Release */ = {
			isa = XCBuildConfiguration;
			baseConfigurationReference = 710547399A5E3CC2AEE9DF07 /* Pods-hack_a_project.release.xcconfig */;
			buildSettings = {
				ASSETCATALOG_COMPILER_APPICON_NAME = AppIcon;
				CODE_SIGN_STYLE = Automatic;
				DEVELOPMENT_TEAM = 73BSTB3BMU;
				INFOPLIST_FILE = hack_a_project/Info.plist;
				LD_RUNPATH_SEARCH_PATHS = (
					"$(inherited)",
					"@executable_path/Frameworks",
				);
				PRODUCT_BUNDLE_IDENTIFIER = com.claralebbos.hackAProject;
				PRODUCT_NAME = "$(TARGET_NAME)";
				SWIFT_VERSION = 5.0;
				TARGETED_DEVICE_FAMILY = "1,2";
			};
			name = Release;
		};
/* End XCBuildConfiguration section */

/* Begin XCConfigurationList section */
		7CE351F4240A7FDE00A26FCF /* Build configuration list for PBXProject "hack_a_project" */ = {
			isa = XCConfigurationList;
			buildConfigurations = (
				7CE3520B240A7FE300A26FCF /* Debug */,
				7CE3520C240A7FE300A26FCF /* Release */,
			);
			defaultConfigurationIsVisible = 0;
			defaultConfigurationName = Release;
		};
		7CE3520D240A7FE300A26FCF /* Build configuration list for PBXNativeTarget "hack_a_project" */ = {
			isa = XCConfigurationList;
			buildConfigurations = (
				7CE3520E240A7FE300A26FCF /* Debug */,
				7CE3520F240A7FE300A26FCF /* Release */,
			);
			defaultConfigurationIsVisible = 0;
			defaultConfigurationName = Release;
		};
/* End XCConfigurationList section */
	};
	rootObject = 7CE351F1240A7FDE00A26FCF /* Project object */;
}
